
Microsoft Visual Studio Solution File, Format Version 12.00
# Visual Studio Version 16
VisualStudioVersion = 16.0.31911.196
MinimumVisualStudioVersion = 10.0.40219.1
Project("{9A19103F-16F7-4668-BE54-9A1E7A4F7556}") = "TemperatureRestGet", "TemperatureRestGet\TemperatureRestGet.csproj", "{D213F2E0-6248-459E-BDB1-13E2D168F0A2}"
EndProject
Project("{FAE04EC0-301F-11D3-BF4B-00C04F79EFBC}") = "TemperatureRestGetTests", "TemperatureRestGetTests\TemperatureRestGetTests.csproj", "{4ED1866D-8C60-4828-B317-C3D99FEA12C9}"
EndProject
Global
	GlobalSection(SolutionConfigurationPlatforms) = preSolution
		Debug|Any CPU = Debug|Any CPU
		Release|Any CPU = Release|Any CPU
	EndGlobalSection
	GlobalSection(ProjectConfigurationPlatforms) = postSolution
		{D213F2E0-6248-459E-BDB1-13E2D168F0A2}.Debug|Any CPU.ActiveCfg = Debug|Any CPU
		{D213F2E0-6248-459E-BDB1-13E2D168F0A2}.Debug|Any CPU.Build.0 = Debug|Any CPU
		{D213F2E0-6248-459E-BDB1-13E2D168F0A2}.Release|Any CPU.ActiveCfg = Release|Any CPU
		{D213F2E0-6248-459E-BDB1-13E2D168F0A2}.Release|Any CPU.Build.0 = Release|Any CPU
		{4ED1866D-8C60-4828-B317-C3D99FEA12C9}.Debug|Any CPU.ActiveCfg = Debug|Any CPU
		{4ED1866D-8C60-4828-B317-C3D99FEA12C9}.Debug|Any CPU.Build.0 = Debug|Any CPU
		{4ED1866D-8C60-4828-B317-C3D99FEA12C9}.Release|Any CPU.ActiveCfg = Release|Any CPU
		{4ED1866D-8C60-4828-B317-C3D99FEA12C9}.Release|Any CPU.Build.0 = Release|Any CPU
	EndGlobalSection
	GlobalSection(SolutionProperties) = preSolution
		HideSolutionNode = FALSE
	EndGlobalSection
	GlobalSection(ExtensibilityGlobals) = postSolution
		SolutionGuid = {D916FFFE-8AC9-422F-8810-2353B5C3E6DA}
	EndGlobalSection
EndGlobal
